
Microsoft Visual Studio Solution File, Format Version 12.00
# Visual Studio Version 16
VisualStudioVersion = 16.0.33529.622
MinimumVisualStudioVersion = 10.0.40219.1
Project("{FAE04EC0-301F-11D3-BF4B-00C04F79EFBC}") = "Mini Market Veritabanı", "Mini Market Veritabanı\Mini Market Veritabanı.csproj", "{681622F1-4F0F-4B21-84AD-1DFB95D9DA11}"
EndProject
Global
	GlobalSection(SolutionConfigurationPlatforms) = preSolution
		Debug|Any CPU = Debug|Any CPU
		Release|Any CPU = Release|Any CPU
	EndGlobalSection
	GlobalSection(ProjectConfigurationPlatforms) = postSolution
		{681622F1-4F0F-4B21-84AD-1DFB95D9DA11}.Debug|Any CPU.ActiveCfg = Debug|Any CPU
		{681622F1-4F0F-4B21-84AD-1DFB95D9DA11}.Debug|Any CPU.Build.0 = Debug|Any CPU
		{681622F1-4F0F-4B21-84AD-1DFB95D9DA11}.Release|Any CPU.ActiveCfg = Release|Any CPU
		{681622F1-4F0F-4B21-84AD-1DFB95D9DA11}.Release|Any CPU.Build.0 = Release|Any CPU
	EndGlobalSection
	GlobalSection(SolutionProperties) = preSolution
		HideSolutionNode = FALSE
	EndGlobalSection
	GlobalSection(ExtensibilityGlobals) = postSolution
		SolutionGuid = {F812FB14-F762-4E3C-A70C-250F5025932B}
	EndGlobalSection
EndGlobal
